
Microsoft Visual Studio Solution File, Format Version 12.00
# Visual Studio Version 16
VisualStudioVersion = 16.0.30621.155
MinimumVisualStudioVersion = 10.0.40219.1
Project("{9A19103F-16F7-4668-BE54-9A1E7A4F7556}") = "SpiritIsland.Tests", "SpiritIsland.Tests\SpiritIsland.Tests.csproj", "{9BE61177-8535-4E7E-AE34-1C9C18D1AAEF}"
EndProject
Project("{2150E333-8FDC-42A3-9474-1A3956D46DE8}") = "Solution Items", "Solution Items", "{30BE8395-3ABB-4DE6-BE5B-97E914AD2AB7}"
	ProjectSection(SolutionItems) = preProject
		.editorconfig = .editorconfig
		todo.txt = todo.txt
	EndProjectSection
EndProject
Project("{9A19103F-16F7-4668-BE54-9A1E7A4F7556}") = "SpiritIslandCmd", "SpiritIslandCmd\SpiritIslandCmd.csproj", "{1728A953-E107-43E6-93AE-336E221D2747}"
EndProject
Project("{9A19103F-16F7-4668-BE54-9A1E7A4F7556}") = "SpiritIsland", "SpiritIsland\SpiritIsland.csproj", "{194D99E5-BA90-4870-9CA0-482AFC4EAB6B}"
EndProject
Project("{9A19103F-16F7-4668-BE54-9A1E7A4F7556}") = "SpiritIsland.WinForms", "SpiritIsland.WinForms\SpiritIsland.WinForms.csproj", "{AA682A20-CD08-4362-9E8F-1CB84947B8F0}"
EndProject
Global
	GlobalSection(SolutionConfigurationPlatforms) = preSolution
		Debug|Any CPU = Debug|Any CPU
		Release|Any CPU = Release|Any CPU
	EndGlobalSection
	GlobalSection(ProjectConfigurationPlatforms) = postSolution
		{9BE61177-8535-4E7E-AE34-1C9C18D1AAEF}.Debug|Any CPU.ActiveCfg = Debug|Any CPU
		{9BE61177-8535-4E7E-AE34-1C9C18D1AAEF}.Debug|Any CPU.Build.0 = Debug|Any CPU
		{9BE61177-8535-4E7E-AE34-1C9C18D1AAEF}.Release|Any CPU.ActiveCfg = Release|Any CPU
		{9BE61177-8535-4E7E-AE34-1C9C18D1AAEF}.Release|Any CPU.Build.0 = Release|Any CPU
		{1728A953-E107-43E6-93AE-336E221D2747}.Debug|Any CPU.ActiveCfg = Debug|Any CPU
		{1728A953-E107-43E6-93AE-336E221D2747}.Debug|Any CPU.Build.0 = Debug|Any CPU
		{1728A953-E107-43E6-93AE-336E221D2747}.Release|Any CPU.ActiveCfg = Release|Any CPU
		{1728A953-E107-43E6-93AE-336E221D2747}.Release|Any CPU.Build.0 = Release|Any CPU
		{194D99E5-BA90-4870-9CA0-482AFC4EAB6B}.Debug|Any CPU.ActiveCfg = Debug|Any CPU
		{194D99E5-BA90-4870-9CA0-482AFC4EAB6B}.Debug|Any CPU.Build.0 = Debug|Any CPU
		{194D99E5-BA90-4870-9CA0-482AFC4EAB6B}.Release|Any CPU.ActiveCfg = Release|Any CPU
		{194D99E5-BA90-4870-9CA0-482AFC4EAB6B}.Release|Any CPU.Build.0 = Release|Any CPU
		{AA682A20-CD08-4362-9E8F-1CB84947B8F0}.Debug|Any CPU.ActiveCfg = Debug|Any CPU
		{AA682A20-CD08-4362-9E8F-1CB84947B8F0}.Debug|Any CPU.Build.0 = Debug|Any CPU
		{AA682A20-CD08-4362-9E8F-1CB84947B8F0}.Release|Any CPU.ActiveCfg = Release|Any CPU
		{AA682A20-CD08-4362-9E8F-1CB84947B8F0}.Release|Any CPU.Build.0 = Release|Any CPU
	EndGlobalSection
	GlobalSection(SolutionProperties) = preSolution
		HideSolutionNode = FALSE
	EndGlobalSection
	GlobalSection(ExtensibilityGlobals) = postSolution
		SolutionGuid = {4BAD0787-B63B-4DC2-8CDA-91D03CF1E0B1}
	EndGlobalSection
EndGlobal
