
Microsoft Visual Studio Solution File, Format Version 12.00
# Visual Studio Version 16
VisualStudioVersion = 16.0.30621.155
MinimumVisualStudioVersion = 10.0.40219.1
Project("{9A19103F-16F7-4668-BE54-9A1E7A4F7556}") = "SpiritIsland.Tests", "SpiritIsland.Tests\SpiritIsland.Tests.csproj", "{9BE61177-8535-4E7E-AE34-1C9C18D1AAEF}"
EndProject
Project("{FAE04EC0-301F-11D3-BF4B-00C04F79EFBC}") = "SpiritIsland", "SpiritIsland\SpiritIsland.csproj", "{41CC66B0-7B3A-4A92-A9F4-8BAFD958F138}"
EndProject
Project("{2150E333-8FDC-42A3-9474-1A3956D46DE8}") = "Solution Items", "Solution Items", "{30BE8395-3ABB-4DE6-BE5B-97E914AD2AB7}"
	ProjectSection(SolutionItems) = preProject
		.editorconfig = .editorconfig
	EndProjectSection
EndProject
Global
	GlobalSection(SolutionConfigurationPlatforms) = preSolution
		Debug|Any CPU = Debug|Any CPU
		Release|Any CPU = Release|Any CPU
	EndGlobalSection
	GlobalSection(ProjectConfigurationPlatforms) = postSolution
		{9BE61177-8535-4E7E-AE34-1C9C18D1AAEF}.Debug|Any CPU.ActiveCfg = Debug|Any CPU
		{9BE61177-8535-4E7E-AE34-1C9C18D1AAEF}.Debug|Any CPU.Build.0 = Debug|Any CPU
		{9BE61177-8535-4E7E-AE34-1C9C18D1AAEF}.Release|Any CPU.ActiveCfg = Release|Any CPU
		{9BE61177-8535-4E7E-AE34-1C9C18D1AAEF}.Release|Any CPU.Build.0 = Release|Any CPU
		{41CC66B0-7B3A-4A92-A9F4-8BAFD958F138}.Debug|Any CPU.ActiveCfg = Debug|Any CPU
		{41CC66B0-7B3A-4A92-A9F4-8BAFD958F138}.Debug|Any CPU.Build.0 = Debug|Any CPU
		{41CC66B0-7B3A-4A92-A9F4-8BAFD958F138}.Release|Any CPU.ActiveCfg = Release|Any CPU
		{41CC66B0-7B3A-4A92-A9F4-8BAFD958F138}.Release|Any CPU.Build.0 = Release|Any CPU
	EndGlobalSection
	GlobalSection(SolutionProperties) = preSolution
		HideSolutionNode = FALSE
	EndGlobalSection
	GlobalSection(ExtensibilityGlobals) = postSolution
		SolutionGuid = {4BAD0787-B63B-4DC2-8CDA-91D03CF1E0B1}
	EndGlobalSection
EndGlobal
